
Microsoft Visual Studio Solution File, Format Version 12.00
# Visual Studio Version 16
VisualStudioVersion = 16.0.31702.278
MinimumVisualStudioVersion = 10.0.40219.1
Project("{FAE04EC0-301F-11D3-BF4B-00C04F79EFBC}") = "Math Operation Assignment", "Math Operation Assignment.csproj", "{9E1ABCEE-4A25-4401-AD78-331777E9CFB4}"
EndProject
Global
	GlobalSection(SolutionConfigurationPlatforms) = preSolution
		Debug|Any CPU = Debug|Any CPU
		Release|Any CPU = Release|Any CPU
	EndGlobalSection
	GlobalSection(ProjectConfigurationPlatforms) = postSolution
		{9E1ABCEE-4A25-4401-AD78-331777E9CFB4}.Debug|Any CPU.ActiveCfg = Debug|Any CPU
		{9E1ABCEE-4A25-4401-AD78-331777E9CFB4}.Debug|Any CPU.Build.0 = Debug|Any CPU
		{9E1ABCEE-4A25-4401-AD78-331777E9CFB4}.Release|Any CPU.ActiveCfg = Release|Any CPU
		{9E1ABCEE-4A25-4401-AD78-331777E9CFB4}.Release|Any CPU.Build.0 = Release|Any CPU
	EndGlobalSection
	GlobalSection(SolutionProperties) = preSolution
		HideSolutionNode = FALSE
	EndGlobalSection
	GlobalSection(ExtensibilityGlobals) = postSolution
		SolutionGuid = {BE585E26-3ED1-446B-8513-1C2100BC1F02}
	EndGlobalSection
EndGlobal
